// !$*UTF8*$!
{
	archiveVersion = 1;
	classes = {
	};
	objectVersion = 50;
	objects = {

/* Begin PBXFileReference section */
		1ADE4FB4275CA80000EDA842 /* Parser.swift */ = {isa = PBXFileReference; lastKnownFileType = sourcecode.swift; path = Parser.swift; sourceTree = "<group>"; };
		1ADE4FB5275CA9B200EDA842 /* main.swift */ = {isa = PBXFileReference; lastKnownFileType = sourcecode.swift; path = main.swift; sourceTree = "<group>"; };
		1ADE4FB6275CAC2E00EDA842 /* Code.swift */ = {isa = PBXFileReference; lastKnownFileType = sourcecode.swift; path = Code.swift; sourceTree = "<group>"; };
		1ADE4FB7275CAD9100EDA842 /* CommandType.swift */ = {isa = PBXFileReference; lastKnownFileType = sourcecode.swift; path = CommandType.swift; sourceTree = "<group>"; };
		1ADE4FB9275EFB0B00EDA842 /* SymbolTable.swift */ = {isa = PBXFileReference; lastKnownFileType = sourcecode.swift; path = SymbolTable.swift; sourceTree = "<group>"; };
/* End PBXFileReference section */

/* Begin PBXGroup section */
		1ADE4FAC275CA7C000EDA842 = {
			isa = PBXGroup;
			children = (
				1ADE4FB9275EFB0B00EDA842 /* SymbolTable.swift */,
				1ADE4FB4275CA80000EDA842 /* Parser.swift */,
				1ADE4FB7275CAD9100EDA842 /* CommandType.swift */,
				1ADE4FB6275CAC2E00EDA842 /* Code.swift */,
				1ADE4FB5275CA9B200EDA842 /* main.swift */,
			);
			sourceTree = "<group>";
		};
/* End PBXGroup section */

/* Begin PBXProject section */
		1ADE4FAD275CA7C000EDA842 /* Project object */ = {
			isa = PBXProject;
			attributes = {
				LastUpgradeCheck = 1100;
			};
			buildConfigurationList = 1ADE4FB0275CA7C000EDA842 /* Build configuration list for PBXProject "Assembler" */;
			compatibilityVersion = "Xcode 9.3";
			developmentRegion = en;
			hasScannedForEncodings = 0;
			knownRegions = (
				en,
				Base,
			);
			mainGroup = 1ADE4FAC275CA7C000EDA842;
			projectDirPath = "";
			projectRoot = "";
			targets = (
			);
		};
/* End PBXProject section */

/* Begin XCBuildConfiguration section */
		1ADE4FB1275CA7C000EDA842 /* Debug */ = {
			isa = XCBuildConfiguration;
			buildSettings = {
			};
			name = Debug;
		};
		1ADE4FB2275CA7C000EDA842 /* Release */ = {
			isa = XCBuildConfiguration;
			buildSettings = {
			};
			name = Release;
		};
/* End XCBuildConfiguration section */

/* Begin XCConfigurationList section */
		1ADE4FB0275CA7C000EDA842 /* Build configuration list for PBXProject "Assembler" */ = {
			isa = XCConfigurationList;
			buildConfigurations = (
				1ADE4FB1275CA7C000EDA842 /* Debug */,
				1ADE4FB2275CA7C000EDA842 /* Release */,
			);
			defaultConfigurationIsVisible = 0;
			defaultConfigurationName = Release;
		};
/* End XCConfigurationList section */
	};
	rootObject = 1ADE4FAD275CA7C000EDA842 /* Project object */;
}
